
Microsoft Visual Studio Solution File, Format Version 12.00
# Visual Studio Version 17
VisualStudioVersion = 17.11.35222.181
MinimumVisualStudioVersion = 10.0.40219.1
Project("{FAE04EC0-301F-11D3-BF4B-00C04F79EFBC}") = "EBookReaderWithStateDesignPattern", "EBookReaderWithStateDesignPattern.csproj", "{A0B92E97-16FD-433E-8A2B-70922D6D48A9}"
EndProject
Global
	GlobalSection(SolutionConfigurationPlatforms) = preSolution
		Debug|Any CPU = Debug|Any CPU
		Release|Any CPU = Release|Any CPU
	EndGlobalSection
	GlobalSection(ProjectConfigurationPlatforms) = postSolution
		{A0B92E97-16FD-433E-8A2B-70922D6D48A9}.Debug|Any CPU.ActiveCfg = Debug|Any CPU
		{A0B92E97-16FD-433E-8A2B-70922D6D48A9}.Debug|Any CPU.Build.0 = Debug|Any CPU
		{A0B92E97-16FD-433E-8A2B-70922D6D48A9}.Release|Any CPU.ActiveCfg = Release|Any CPU
		{A0B92E97-16FD-433E-8A2B-70922D6D48A9}.Release|Any CPU.Build.0 = Release|Any CPU
	EndGlobalSection
	GlobalSection(SolutionProperties) = preSolution
		HideSolutionNode = FALSE
	EndGlobalSection
	GlobalSection(ExtensibilityGlobals) = postSolution
		SolutionGuid = {81D9BDC5-1A1D-4AC7-B6A6-1FDF4ADB2BD5}
	EndGlobalSection
EndGlobal
